
Microsoft Visual Studio Solution File, Format Version 12.00
# Visual Studio Version 16
VisualStudioVersion = 16.0.30114.105
MinimumVisualStudioVersion = 10.0.40219.1
Project("{FAE04EC0-301F-11D3-BF4B-00C04F79EFBC}") = "GrpcGreeter", "GrpcGreeter.csproj", "{782340FF-BA21-4B43-A956-B512F4C2005F}"
EndProject
Global
	GlobalSection(SolutionConfigurationPlatforms) = preSolution
		Debug|Any CPU = Debug|Any CPU
		Release|Any CPU = Release|Any CPU
	EndGlobalSection
	GlobalSection(ProjectConfigurationPlatforms) = postSolution
		{782340FF-BA21-4B43-A956-B512F4C2005F}.Debug|Any CPU.ActiveCfg = Debug|Any CPU
		{782340FF-BA21-4B43-A956-B512F4C2005F}.Debug|Any CPU.Build.0 = Debug|Any CPU
		{782340FF-BA21-4B43-A956-B512F4C2005F}.Release|Any CPU.ActiveCfg = Release|Any CPU
		{782340FF-BA21-4B43-A956-B512F4C2005F}.Release|Any CPU.Build.0 = Release|Any CPU
	EndGlobalSection
	GlobalSection(SolutionProperties) = preSolution
		HideSolutionNode = FALSE
	EndGlobalSection
	GlobalSection(ExtensibilityGlobals) = postSolution
		SolutionGuid = {ED859129-CE8D-4178-A93B-443275AA2A3F}
	EndGlobalSection
EndGlobal
